{
  "version": 4,
  "terraform_version": "1.16.2",
  "serial": 16,
  "lineage": "3c3da490-a9eb-77a7-cb28-7d8d3f58902a",
  "outputs": {
    "s3_bucket_arn": {
      "value": "arn:aws:s3:::bmw-warranty-claims-532404260630",
      "type": "string"
    },
    "s3_bucket_name": {
      "value": "bmw-warranty-claims-532404260630",
      "type": "string"
    }
  },
  "resources": [
    {
      "mode": "data",
      "type": "aws_caller_identity",
      "name": "current",
      "provider": "provider[\"registry.terraform.io/hashicorp/aws\"]",
      "instances": [
        {
          "schema_version": 0,
          "attributes": {
            "account_id": "532404260630",
            "arn": "arn:aws:iam::532404260630:user/bmw-warranty-p5",
            "id": "532404260630",
            "user_id": "AIDAXX5OEJ4LBE7FZN45I"
          },
          "sensitive_attributes": [],
          "identity_schema_version": 0
        }
      ]
    },
    {
      "mode": "managed",
      "type": "aws_glue_catalog_database",
      "name": "bmw_warranty",
      "provider": "provider[\"registry.terraform.io/hashicorp/aws\"]",
      "instances": [
        {
          "schema_version": 0,
          "attributes": {
            "arn": "arn:aws:glue:eu-north-1:532404260630:database/bmw_warranty_analytics",
            "catalog_id": "532404260630",
            "create_table_default_permission": [
              {
                "permissions": [
                  "ALL"
                ],
                "principal": [
                  {
                    "data_lake_principal_identifier": "IAM_ALLOWED_PRINCIPALS"
                  }
                ]
              }
            ],
            "description": "AWS Glue Data Catalog database for BMW Warranty Claims Analytics - Participant 5",
            "federated_database": [],
            "id": "532404260630:bmw_warranty_analytics",
            "location_uri": "",
            "name": "bmw_warranty_analytics",
            "parameters": {},
            "region": "eu-north-1",
            "tags": {},
            "tags_all": {},
            "target_database": []
          },
          "sensitive_attributes": [],
          "identity_schema_version": 0,
          "private": "bnVsbA=="
        }
      ]
    },
    {
      "mode": "managed",
      "type": "aws_glue_catalog_database",
      "name": "bmw_warranty_quicksight",
      "provider": "provider[\"registry.terraform.io/hashicorp/aws\"].quicksight",
      "instances": [
        {
          "schema_version": 0,
          "attributes": {
            "arn": "arn:aws:glue:us-west-2:532404260630:database/bmw_warranty_analytics",
            "catalog_id": "532404260630",
            "create_table_default_permission": [
              {
                "permissions": [
                  "ALL"
                ],
                "principal": [
                  {
                    "data_lake_principal_identifier": "IAM_ALLOWED_PRINCIPALS"
                  }
                ]
              }
            ],
            "description": "AWS Glue Data Catalog database for BMW Warranty Claims Analytics - QuickSight",
            "federated_database": [],
            "id": "532404260630:bmw_warranty_analytics",
            "location_uri": "",
            "name": "bmw_warranty_analytics",
            "parameters": {},
            "region": "us-west-2",
            "tags": {},
            "tags_all": {},
            "target_database": []
          },
          "sensitive_attributes": [],
          "identity_schema_version": 0,
          "private": "bnVsbA=="
        }
      ]
    },
    {
      "mode": "managed",
      "type": "aws_glue_catalog_table",
      "name": "warranty_enriched",
      "provider": "provider[\"registry.terraform.io/hashicorp/aws\"]",
      "instances": [
        {
          "schema_version": 0,
          "attributes": {
            "arn": "arn:aws:glue:eu-north-1:532404260630:table/bmw_warranty_analytics/warranty_enriched",
            "catalog_id": "532404260630",
            "database_name": "bmw_warranty_analytics",
            "description": "",
            "id": "532404260630:bmw_warranty_analytics:warranty_enriched",
            "name": "warranty_enriched",
            "open_table_format_input": [],
            "owner": "",
            "parameters": {},
            "partition_index": [],
            "partition_keys": [],
            "region": "eu-north-1",
            "retention": 0,
            "storage_descriptor": [
              {
                "additional_locations": [],
                "bucket_columns": [],
                "columns": [
                  {
                    "comment": "",
                    "name": "vehicle_id",
                    "parameters": {},
                    "type": "string"
                  },
                  {
                    "comment": "",
                    "name": "claim_id",
                    "parameters": {},
                    "type": "string"
                  },
                  {
                    "comment": "",
                    "name": "claim_date",
                    "parameters": {},
                    "type": "string"
                  },
                  {
                    "comment": "",
                    "name": "component",
                    "parameters": {},
                    "type": "string"
                  },
                  {
                    "comment": "",
                    "name": "claim_amount",
                    "parameters": {},
                    "type": "double"
                  },
                  {
                    "comment": "",
                    "name": "claim_status",
                    "parameters": {},
                    "type": "string"
                  },
                  {
                    "comment": "",
                    "name": "claim_date_parsed",
                    "parameters": {},
                    "type": "date"
                  },
                  {
                    "comment": "",
                    "name": "rejection_reason",
                    "parameters": {},
                    "type": "string"
                  },
                  {
                    "comment": "",
                    "name": "validation_status",
                    "parameters": {},
                    "type": "string"
                  }
                ],
                "compressed": false,
                "input_format": "org.apache.hadoop.hive.ql.io.parquet.MapredParquetInputFormat",
                "location": "s3://bmw-warranty-claims-532404260630/processed/warranty_enriched/",
                "number_of_buckets": 0,
                "output_format": "org.apache.hadoop.hive.ql.io.parquet.MapredParquetOutputFormat",
                "parameters": {},
                "schema_reference": [],
                "ser_de_info": [
                  {
                    "name": "",
                    "parameters": {},
                    "serialization_library": "org.apache.hadoop.hive.ql.io.parquet.serde.ParquetHiveSerDe"
                  }
                ],
                "skewed_info": [],
                "sort_columns": [],
                "stored_as_sub_directories": false
              }
            ],
            "table_type": "EXTERNAL_TABLE",
            "target_table": [],
            "view_definition": [],
            "view_expanded_text": "",
            "view_original_text": ""
          },
          "sensitive_attributes": [],
          "identity_schema_version": 0,
          "identity": {
            "account_id": "532404260630",
            "catalog_id": "532404260630",
            "database_name": "bmw_warranty_analytics",
            "name": "warranty_enriched",
            "region": "eu-north-1"
          },
          "private": "bnVsbA==",
          "dependencies": [
            "aws_glue_catalog_database.bmw_warranty",
            "data.aws_caller_identity.current"
          ]
        }
      ]
    },
    {
      "mode": "managed",
      "type": "aws_glue_catalog_table",
      "name": "warranty_rejected",
      "provider": "provider[\"registry.terraform.io/hashicorp/aws\"]",
      "instances": [
        {
          "schema_version": 0,
          "attributes": {
            "arn": "arn:aws:glue:eu-north-1:532404260630:table/bmw_warranty_analytics/warranty_rejected",
            "catalog_id": "532404260630",
            "database_name": "bmw_warranty_analytics",
            "description": "",
            "id": "532404260630:bmw_warranty_analytics:warranty_rejected",
            "name": "warranty_rejected",
            "open_table_format_input": [],
            "owner": "",
            "parameters": {},
            "partition_index": [],
            "partition_keys": [],
            "region": "eu-north-1",
            "retention": 0,
            "storage_descriptor": [
              {
                "additional_locations": [],
                "bucket_columns": [],
                "columns": [
                  {
                    "comment": "",
                    "name": "vehicle_id",
                    "parameters": {},
                    "type": "string"
                  },
                  {
                    "comment": "",
                    "name": "claim_id",
                    "parameters": {},
                    "type": "string"
                  },
                  {
                    "comment": "",
                    "name": "claim_date",
                    "parameters": {},
                    "type": "string"
                  },
                  {
                    "comment": "",
                    "name": "component",
                    "parameters": {},
                    "type": "string"
                  },
                  {
                    "comment": "",
                    "name": "claim_amount",
                    "parameters": {},
                    "type": "double"
                  },
                  {
                    "comment": "",
                    "name": "claim_status",
                    "parameters": {},
                    "type": "string"
                  },
                  {
                    "comment": "",
                    "name": "claim_date_parsed",
                    "parameters": {},
                    "type": "date"
                  },
                  {
                    "comment": "",
                    "name": "rejection_reason",
                    "parameters": {},
                    "type": "string"
                  },
                  {
                    "comment": "",
                    "name": "validation_status",
                    "parameters": {},
                    "type": "string"
                  }
                ],
                "compressed": false,
                "input_format": "org.apache.hadoop.hive.ql.io.parquet.MapredParquetInputFormat",
                "location": "s3://bmw-warranty-claims-532404260630/processed/warranty_rejected/",
                "number_of_buckets": 0,
                "output_format": "org.apache.hadoop.hive.ql.io.parquet.MapredParquetOutputFormat",
                "parameters": {},
                "schema_reference": [],
                "ser_de_info": [
                  {
                    "name": "",
                    "parameters": {},
                    "serialization_library": "org.apache.hadoop.hive.ql.io.parquet.serde.ParquetHiveSerDe"
                  }
                ],
                "skewed_info": [],
                "sort_columns": [],
                "stored_as_sub_directories": false
              }
            ],
            "table_type": "EXTERNAL_TABLE",
            "target_table": [],
            "view_definition": [],
            "view_expanded_text": "",
            "view_original_text": ""
          },
          "sensitive_attributes": [],
          "identity_schema_version": 0,
          "identity": {
            "account_id": "532404260630",
            "catalog_id": "532404260630",
            "database_name": "bmw_warranty_analytics",
            "name": "warranty_rejected",
            "region": "eu-north-1"
          },
          "private": "bnVsbA==",
          "dependencies": [
            "aws_glue_catalog_database.bmw_warranty",
            "data.aws_caller_identity.current"
          ]
        }
      ]
    },
    {
      "mode": "managed",
      "type": "aws_glue_catalog_table",
      "name": "warranty_valid",
      "provider": "provider[\"registry.terraform.io/hashicorp/aws\"]",
      "instances": [
        {
          "schema_version": 0,
          "attributes": {
            "arn": "arn:aws:glue:eu-north-1:532404260630:table/bmw_warranty_analytics/warranty_valid",
            "catalog_id": "532404260630",
            "database_name": "bmw_warranty_analytics",
            "description": "",
            "id": "532404260630:bmw_warranty_analytics:warranty_valid",
            "name": "warranty_valid",
            "open_table_format_input": [],
            "owner": "",
            "parameters": {},
            "partition_index": [],
            "partition_keys": [],
            "region": "eu-north-1",
            "retention": 0,
            "storage_descriptor": [
              {
                "additional_locations": [],
                "bucket_columns": [],
                "columns": [
                  {
                    "comment": "",
                    "name": "vehicle_id",
                    "parameters": {},
                    "type": "string"
                  },
                  {
                    "comment": "",
                    "name": "claim_id",
                    "parameters": {},
                    "type": "string"
                  },
                  {
                    "comment": "",
                    "name": "claim_date",
                    "parameters": {},
                    "type": "string"
                  },
                  {
                    "comment": "",
                    "name": "component",
                    "parameters": {},
                    "type": "string"
                  },
                  {
                    "comment": "",
                    "name": "claim_amount",
                    "parameters": {},
                    "type": "double"
                  },
                  {
                    "comment": "",
                    "name": "claim_status",
                    "parameters": {},
                    "type": "string"
                  },
                  {
                    "comment": "",
                    "name": "claim_date_parsed",
                    "parameters": {},
                    "type": "date"
                  },
                  {
                    "comment": "",
                    "name": "rejection_reason",
                    "parameters": {},
                    "type": "string"
                  },
                  {
                    "comment": "",
                    "name": "validation_status",
                    "parameters": {},
                    "type": "string"
                  }
                ],
                "compressed": false,
                "input_format": "org.apache.hadoop.hive.ql.io.parquet.MapredParquetInputFormat",
                "location": "s3://bmw-warranty-claims-532404260630/processed/warranty_valid/",
                "number_of_buckets": 0,
                "output_format": "org.apache.hadoop.hive.ql.io.parquet.MapredParquetOutputFormat",
                "parameters": {},
                "schema_reference": [],
                "ser_de_info": [
                  {
                    "name": "",
                    "parameters": {},
                    "serialization_library": "org.apache.hadoop.hive.ql.io.parquet.serde.ParquetHiveSerDe"
                  }
                ],
                "skewed_info": [],
                "sort_columns": [],
                "stored_as_sub_directories": false
              }
            ],
            "table_type": "EXTERNAL_TABLE",
            "target_table": [],
            "view_definition": [],
            "view_expanded_text": "",
            "view_original_text": ""
          },
          "sensitive_attributes": [],
          "identity_schema_version": 0,
          "identity": {
            "account_id": "532404260630",
            "catalog_id": "532404260630",
            "database_name": "bmw_warranty_analytics",
            "name": "warranty_valid",
            "region": "eu-north-1"
          },
          "private": "bnVsbA==",
          "dependencies": [
            "aws_glue_catalog_database.bmw_warranty",
            "data.aws_caller_identity.current"
          ]
        }
      ]
    },
    {
      "mode": "managed",
      "type": "aws_s3_bucket",
      "name": "bmw_warranty",
      "provider": "provider[\"registry.terraform.io/hashicorp/aws\"]",
      "instances": [
        {
          "schema_version": 0,
          "attributes": {
            "acceleration_status": "",
            "acl": null,
            "arn": "arn:aws:s3:::bmw-warranty-claims-532404260630",
            "bucket": "bmw-warranty-claims-532404260630",
            "bucket_domain_name": "bmw-warranty-claims-532404260630.s3.amazonaws.com",
            "bucket_namespace": "global",
            "bucket_prefix": "",
            "bucket_region": "eu-north-1",
            "bucket_regional_domain_name": "bmw-warranty-claims-532404260630.s3.eu-north-1.amazonaws.com",
            "cors_rule": [],
            "force_destroy": false,
            "grant": [
              {
                "id": "812c9988a63ec3351dd11f9518d105aae112ee35b689393e28c62b87ac14013e",
                "permissions": [
                  "FULL_CONTROL"
                ],
                "type": "CanonicalUser",
                "uri": ""
              }
            ],
            "hosted_zone_id": "Z3BAZG2TWCNX0D",
            "id": "bmw-warranty-claims-532404260630",
            "lifecycle_rule": [],
            "logging": [],
            "object_lock_configuration": [],
            "object_lock_enabled": false,
            "policy": "",
            "region": "eu-north-1",
            "replication_configuration": [],
            "request_payer": "BucketOwner",
            "server_side_encryption_configuration": [
              {
                "rule": [
                  {
                    "apply_server_side_encryption_by_default": [
                      {
                        "kms_master_key_id": "",
                        "sse_algorithm": "AES256"
                      }
                    ],
                    "bucket_key_enabled": false
                  }
                ]
              }
            ],
            "tags": {
              "Environment": "Development",
              "ManagedBy": "Terraform",
              "Participant": "P5",
              "Project": "BMW Warranty Claims Analytics"
            },
            "tags_all": {
              "Environment": "Development",
              "ManagedBy": "Terraform",
              "Participant": "P5",
              "Project": "BMW Warranty Claims Analytics"
            },
            "timeouts": null,
            "versioning": [
              {
                "enabled": true,
                "mfa_delete": false
              }
            ],
            "website": [],
            "website_domain": null,
            "website_endpoint": null
          },
          "sensitive_attributes": [],
          "identity_schema_version": 0,
          "identity": {
            "account_id": "532404260630",
            "bucket": "bmw-warranty-claims-532404260630",
            "region": "eu-north-1"
          },
          "private": "eyJlMmJmYjczMC1lY2FhLTExZTYtOGY4OC0zNDM2M2JjN2M0YzAiOnsiY3JlYXRlIjoxMjAwMDAwMDAwMDAwLCJkZWxldGUiOjM2MDAwMDAwMDAwMDAsInJlYWQiOjEyMDAwMDAwMDAwMDAsInVwZGF0ZSI6MTIwMDAwMDAwMDAwMH19",
          "dependencies": [
            "data.aws_caller_identity.current"
          ]
        }
      ]
    },
    {
      "mode": "managed",
      "type": "aws_s3_bucket_public_access_block",
      "name": "bmw_warranty",
      "provider": "provider[\"registry.terraform.io/hashicorp/aws\"]",
      "instances": [
        {
          "schema_version": 0,
          "attributes": {
            "block_public_acls": true,
            "block_public_policy": true,
            "bucket": "bmw-warranty-claims-532404260630",
            "id": "bmw-warranty-claims-532404260630",
            "ignore_public_acls": true,
            "region": "eu-north-1",
            "restrict_public_buckets": true,
            "skip_destroy": null
          },
          "sensitive_attributes": [],
          "identity_schema_version": 0,
          "identity": {
            "account_id": "532404260630",
            "bucket": "bmw-warranty-claims-532404260630",
            "region": "eu-north-1"
          },
          "private": "bnVsbA==",
          "dependencies": [
            "aws_s3_bucket.bmw_warranty",
            "data.aws_caller_identity.current"
          ]
        }
      ]
    },
    {
      "mode": "managed",
      "type": "aws_s3_bucket_server_side_encryption_configuration",
      "name": "bmw_warranty",
      "provider": "provider[\"registry.terraform.io/hashicorp/aws\"]",
      "instances": [
        {
          "schema_version": 0,
          "attributes": {
            "bucket": "bmw-warranty-claims-532404260630",
            "expected_bucket_owner": "",
            "id": "bmw-warranty-claims-532404260630",
            "region": "eu-north-1",
            "rule": [
              {
                "apply_server_side_encryption_by_default": [
                  {
                    "kms_master_key_id": "",
                    "sse_algorithm": "AES256"
                  }
                ],
                "blocked_encryption_types": [
                  "SSE-C"
                ],
                "bucket_key_enabled": false
              }
            ]
          },
          "sensitive_attributes": [],
          "identity_schema_version": 1,
          "identity": {
            "account_id": "532404260630",
            "bucket": "bmw-warranty-claims-532404260630",
            "region": "eu-north-1"
          },
          "private": "bnVsbA==",
          "dependencies": [
            "aws_s3_bucket.bmw_warranty",
            "data.aws_caller_identity.current"
          ]
        }
      ]
    },
    {
      "mode": "managed",
      "type": "aws_s3_bucket_versioning",
      "name": "bmw_warranty",
      "provider": "provider[\"registry.terraform.io/hashicorp/aws\"]",
      "instances": [
        {
          "schema_version": 0,
          "attributes": {
            "bucket": "bmw-warranty-claims-532404260630",
            "expected_bucket_owner": "",
            "id": "bmw-warranty-claims-532404260630",
            "mfa": null,
            "region": "eu-north-1",
            "versioning_configuration": [
              {
                "mfa_delete": "Disabled",
                "status": "Enabled"
              }
            ]
          },
          "sensitive_attributes": [],
          "identity_schema_version": 1,
          "identity": {
            "account_id": "532404260630",
            "bucket": "bmw-warranty-claims-532404260630",
            "region": "eu-north-1"
          },
          "private": "bnVsbA==",
          "dependencies": [
            "aws_s3_bucket.bmw_warranty",
            "data.aws_caller_identity.current"
          ]
        }
      ]
    }
  ],
  "check_results": null
}
